
Microsoft Visual Studio Solution File, Format Version 12.00
# Visual Studio Version 17
VisualStudioVersion = 17.6.33829.357
MinimumVisualStudioVersion = 10.0.40219.1
Project("{FAE04EC0-301F-11D3-BF4B-00C04F79EFBC}") = "WebApplication8", "WebApplication8\WebApplication8.csproj", "{9538A168-2EC8-4D59-B2DC-4885FB26452F}"
EndProject
Project("{FAE04EC0-301F-11D3-BF4B-00C04F79EFBC}") = "BusinessLayer", "BusinessLayer\BusinessLayer.csproj", "{7C2D14AD-DE07-42DE-B3FD-DCCF827DCB8E}"
EndProject
Global
	GlobalSection(SolutionConfigurationPlatforms) = preSolution
		Debug|Any CPU = Debug|Any CPU
		Release|Any CPU = Release|Any CPU
	EndGlobalSection
	GlobalSection(ProjectConfigurationPlatforms) = postSolution
		{9538A168-2EC8-4D59-B2DC-4885FB26452F}.Debug|Any CPU.ActiveCfg = Debug|Any CPU
		{9538A168-2EC8-4D59-B2DC-4885FB26452F}.Debug|Any CPU.Build.0 = Debug|Any CPU
		{9538A168-2EC8-4D59-B2DC-4885FB26452F}.Release|Any CPU.ActiveCfg = Release|Any CPU
		{9538A168-2EC8-4D59-B2DC-4885FB26452F}.Release|Any CPU.Build.0 = Release|Any CPU
		{7C2D14AD-DE07-42DE-B3FD-DCCF827DCB8E}.Debug|Any CPU.ActiveCfg = Debug|Any CPU
		{7C2D14AD-DE07-42DE-B3FD-DCCF827DCB8E}.Debug|Any CPU.Build.0 = Debug|Any CPU
		{7C2D14AD-DE07-42DE-B3FD-DCCF827DCB8E}.Release|Any CPU.ActiveCfg = Release|Any CPU
		{7C2D14AD-DE07-42DE-B3FD-DCCF827DCB8E}.Release|Any CPU.Build.0 = Release|Any CPU
	EndGlobalSection
	GlobalSection(SolutionProperties) = preSolution
		HideSolutionNode = FALSE
	EndGlobalSection
	GlobalSection(ExtensibilityGlobals) = postSolution
		SolutionGuid = {4467AB7B-A1E4-4CD6-A0BD-87DFD5707E45}
	EndGlobalSection
EndGlobal
